
Microsoft Visual Studio Solution File, Format Version 12.00
# Visual Studio Version 16
VisualStudioVersion = 16.0.32413.511
MinimumVisualStudioVersion = 10.0.40219.1
Project("{9A19103F-16F7-4668-BE54-9A1E7A4F7556}") = "formuploaderblob", "formuploaderblob.csproj", "{74BD8FB4-31F3-428C-8C18-86C8CAB45C41}"
EndProject
Project("{9A19103F-16F7-4668-BE54-9A1E7A4F7556}") = "funcformrecognizer", "funcformrecognizer\funcformrecognizer.csproj", "{F421BC81-26D8-45F6-8D69-7B83201702A9}"
EndProject
Global
	GlobalSection(SolutionConfigurationPlatforms) = preSolution
		Debug|Any CPU = Debug|Any CPU
		Release|Any CPU = Release|Any CPU
	EndGlobalSection
	GlobalSection(ProjectConfigurationPlatforms) = postSolution
		{74BD8FB4-31F3-428C-8C18-86C8CAB45C41}.Debug|Any CPU.ActiveCfg = Debug|Any CPU
		{74BD8FB4-31F3-428C-8C18-86C8CAB45C41}.Debug|Any CPU.Build.0 = Debug|Any CPU
		{74BD8FB4-31F3-428C-8C18-86C8CAB45C41}.Release|Any CPU.ActiveCfg = Release|Any CPU
		{74BD8FB4-31F3-428C-8C18-86C8CAB45C41}.Release|Any CPU.Build.0 = Release|Any CPU
		{F421BC81-26D8-45F6-8D69-7B83201702A9}.Debug|Any CPU.ActiveCfg = Debug|Any CPU
		{F421BC81-26D8-45F6-8D69-7B83201702A9}.Debug|Any CPU.Build.0 = Debug|Any CPU
		{F421BC81-26D8-45F6-8D69-7B83201702A9}.Release|Any CPU.ActiveCfg = Release|Any CPU
		{F421BC81-26D8-45F6-8D69-7B83201702A9}.Release|Any CPU.Build.0 = Release|Any CPU
	EndGlobalSection
	GlobalSection(SolutionProperties) = preSolution
		HideSolutionNode = FALSE
	EndGlobalSection
	GlobalSection(ExtensibilityGlobals) = postSolution
		SolutionGuid = {2ADA9705-9E57-4AB1-9B74-7D181393044C}
	EndGlobalSection
EndGlobal
